// !$*UTF8*$!
{
	archiveVersion = 1;
	classes = {
	};
	objectVersion = 77;
	objects = {

/* Begin PBXBuildFile section */
		0F4BFA792E23880016FD9E6E /* Assets.xcassets in Resources */ = {isa = PBXBuildFile; fileRef = D4E1EED2722AF7F4CDCB69A1 /* Assets.xcassets */; };
		1593F91428FC600E846D00D7 /* CameraPreviewView.swift in Sources */ = {isa = PBXBuildFile; fileRef = 707CE10E42A761726CEDECC8 /* CameraPreviewView.swift */; };
		3354AE3EF401D4CF6AE78F4D /* Preprocess.swift in Sources */ = {isa = PBXBuildFile; fileRef = 03EF53FDA1D7CF3E0B7D869A /* Preprocess.swift */; };
		38EF6BCA5C08DE52EA10B674 /* App.swift in Sources */ = {isa = PBXBuildFile; fileRef = 535A2FF20D0155E99E9BF303 /* App.swift */; };
		4590B64C1425ACECBEA34DA4 /* SessionsScreen.swift in Sources */ = {isa = PBXBuildFile; fileRef = C158A74D7A41D66B36932831 /* SessionsScreen.swift */; };
		8420C18734473B3D4D08C3BC /* SessionStore.swift in Sources */ = {isa = PBXBuildFile; fileRef = 53E7527A2B1E701F93D2B842 /* SessionStore.swift */; };
		848E1D58EAD7F9BF35939255 /* SessionPDF.swift in Sources */ = {isa = PBXBuildFile; fileRef = 83F92E552E25B8D3102A09E6 /* SessionPDF.swift */; };
		8DB4BBDCDC91E42C5E5AFE50 /* LiveRecordingScreen.swift in Sources */ = {isa = PBXBuildFile; fileRef = 95B152EBFB09E6CC4B0E78A7 /* LiveRecordingScreen.swift */; };
		9D6473C062EE36C97114CC2F /* RecordScreen.swift in Sources */ = {isa = PBXBuildFile; fileRef = 2D90C746E69794BD9C817B9C /* RecordScreen.swift */; };
		9F997CA602769AC3E407F02B /* FrameBuffer.swift in Sources */ = {isa = PBXBuildFile; fileRef = B3BB486E94E8F123AC8EEB59 /* FrameBuffer.swift */; };
		AB21F1DA45857162B01235F2 /* FrameBarView.swift in Sources */ = {isa = PBXBuildFile; fileRef = 1DD36AB6C47AEC1C7D2028D9 /* FrameBarView.swift */; };
		BD364C3200FE261BA4281C90 /* Inference.swift in Sources */ = {isa = PBXBuildFile; fileRef = C707269F427F080FCD558632 /* Inference.swift */; };
		CC355C8F7160E9032F10BE4E /* Session.swift in Sources */ = {isa = PBXBuildFile; fileRef = 1F521F335E3528181D88DF40 /* Session.swift */; };
		CEC242D32FE2AFF440C248DF /* SessionExport.swift in Sources */ = {isa = PBXBuildFile; fileRef = 4C0B54FE76A5456ABC558CE0 /* SessionExport.swift */; };
		D174EE61E5C8E219E7770926 /* CameraSession.swift in Sources */ = {isa = PBXBuildFile; fileRef = 5AE40D2F47C8E3CCB79D18AE /* CameraSession.swift */; };
		D5B068F63C7D8C89CF73FFFE /* DeviceInfo.swift in Sources */ = {isa = PBXBuildFile; fileRef = 1D2D9BD3D74F7D12942413CD /* DeviceInfo.swift */; };
		F4E0CA01E6F6C41C5A20E2B0 /* FeralModel.mlpackage in Sources */ = {isa = PBXBuildFile; fileRef = 60B026E6E9D8F1755745E6C4 /* FeralModel.mlpackage */; };
		F94D89DC5D61D85DD6348AFC /* VideoStore.swift in Sources */ = {isa = PBXBuildFile; fileRef = 74EB05D28521C8F21ABF0231 /* VideoStore.swift */; };
/* End PBXBuildFile section */

/* Begin PBXFileReference section */
		03EF53FDA1D7CF3E0B7D869A /* Preprocess.swift */ = {isa = PBXFileReference; lastKnownFileType = sourcecode.swift; path = Preprocess.swift; sourceTree = "<group>"; };
		1D2D9BD3D74F7D12942413CD /* DeviceInfo.swift */ = {isa = PBXFileReference; lastKnownFileType = sourcecode.swift; path = DeviceInfo.swift; sourceTree = "<group>"; };
		1DD36AB6C47AEC1C7D2028D9 /* FrameBarView.swift */ = {isa = PBXFileReference; lastKnownFileType = sourcecode.swift; path = FrameBarView.swift; sourceTree = "<group>"; };
		1F521F335E3528181D88DF40 /* Session.swift */ = {isa = PBXFileReference; lastKnownFileType = sourcecode.swift; path = Session.swift; sourceTree = "<group>"; };
		2D90C746E69794BD9C817B9C /* RecordScreen.swift */ = {isa = PBXFileReference; lastKnownFileType = sourcecode.swift; path = RecordScreen.swift; sourceTree = "<group>"; };
		4C0B54FE76A5456ABC558CE0 /* SessionExport.swift */ = {isa = PBXFileReference; lastKnownFileType = sourcecode.swift; path = SessionExport.swift; sourceTree = "<group>"; };
		535A2FF20D0155E99E9BF303 /* App.swift */ = {isa = PBXFileReference; lastKnownFileType = sourcecode.swift; path = App.swift; sourceTree = "<group>"; };
		53E7527A2B1E701F93D2B842 /* SessionStore.swift */ = {isa = PBXFileReference; lastKnownFileType = sourcecode.swift; path = SessionStore.swift; sourceTree = "<group>"; };
		5AE40D2F47C8E3CCB79D18AE /* CameraSession.swift */ = {isa = PBXFileReference; lastKnownFileType = sourcecode.swift; path = CameraSession.swift; sourceTree = "<group>"; };
		60B026E6E9D8F1755745E6C4 /* FeralModel.mlpackage */ = {isa = PBXFileReference; path = FeralModel.mlpackage; sourceTree = "<group>"; };
		707CE10E42A761726CEDECC8 /* CameraPreviewView.swift */ = {isa = PBXFileReference; lastKnownFileType = sourcecode.swift; path = CameraPreviewView.swift; sourceTree = "<group>"; };
		74EB05D28521C8F21ABF0231 /* VideoStore.swift */ = {isa = PBXFileReference; lastKnownFileType = sourcecode.swift; path = VideoStore.swift; sourceTree = "<group>"; };
		83F92E552E25B8D3102A09E6 /* SessionPDF.swift */ = {isa = PBXFileReference; lastKnownFileType = sourcecode.swift; path = SessionPDF.swift; sourceTree = "<group>"; };
		95B152EBFB09E6CC4B0E78A7 /* LiveRecordingScreen.swift */ = {isa = PBXFileReference; lastKnownFileType = sourcecode.swift; path = LiveRecordingScreen.swift; sourceTree = "<group>"; };
		AA27AF1A9DB2A7B673C5775B /* FeralDemo.app */ = {isa = PBXFileReference; includeInIndex = 0; lastKnownFileType = wrapper.application; path = FeralDemo.app; sourceTree = BUILT_PRODUCTS_DIR; };
		B3BB486E94E8F123AC8EEB59 /* FrameBuffer.swift */ = {isa = PBXFileReference; lastKnownFileType = sourcecode.swift; path = FrameBuffer.swift; sourceTree = "<group>"; };
		C158A74D7A41D66B36932831 /* SessionsScreen.swift */ = {isa = PBXFileReference; lastKnownFileType = sourcecode.swift; path = SessionsScreen.swift; sourceTree = "<group>"; };
		C707269F427F080FCD558632 /* Inference.swift */ = {isa = PBXFileReference; lastKnownFileType = sourcecode.swift; path = Inference.swift; sourceTree = "<group>"; };
		D4E1EED2722AF7F4CDCB69A1 /* Assets.xcassets */ = {isa = PBXFileReference; lastKnownFileType = folder.assetcatalog; path = Assets.xcassets; sourceTree = "<group>"; };
/* End PBXFileReference section */

/* Begin PBXGroup section */
		2A4705F70C0A411881429BD9 = {
			isa = PBXGroup;
			children = (
				AB450CCABB338814FA543F6C /* FeralDemo */,
				4885FA26521FC098119F112E /* Products */,
			);
			sourceTree = "<group>";
		};
		4885FA26521FC098119F112E /* Products */ = {
			isa = PBXGroup;
			children = (
				AA27AF1A9DB2A7B673C5775B /* FeralDemo.app */,
			);
			name = Products;
			sourceTree = "<group>";
		};
		AB450CCABB338814FA543F6C /* FeralDemo */ = {
			isa = PBXGroup;
			children = (
				535A2FF20D0155E99E9BF303 /* App.swift */,
				D4E1EED2722AF7F4CDCB69A1 /* Assets.xcassets */,
				707CE10E42A761726CEDECC8 /* CameraPreviewView.swift */,
				5AE40D2F47C8E3CCB79D18AE /* CameraSession.swift */,
				1D2D9BD3D74F7D12942413CD /* DeviceInfo.swift */,
				60B026E6E9D8F1755745E6C4 /* FeralModel.mlpackage */,
				1DD36AB6C47AEC1C7D2028D9 /* FrameBarView.swift */,
				B3BB486E94E8F123AC8EEB59 /* FrameBuffer.swift */,
				C707269F427F080FCD558632 /* Inference.swift */,
				95B152EBFB09E6CC4B0E78A7 /* LiveRecordingScreen.swift */,
				03EF53FDA1D7CF3E0B7D869A /* Preprocess.swift */,
				2D90C746E69794BD9C817B9C /* RecordScreen.swift */,
				1F521F335E3528181D88DF40 /* Session.swift */,
				4C0B54FE76A5456ABC558CE0 /* SessionExport.swift */,
				83F92E552E25B8D3102A09E6 /* SessionPDF.swift */,
				C158A74D7A41D66B36932831 /* SessionsScreen.swift */,
				53E7527A2B1E701F93D2B842 /* SessionStore.swift */,
				74EB05D28521C8F21ABF0231 /* VideoStore.swift */,
			);
			path = FeralDemo;
			sourceTree = "<group>";
		};
/* End PBXGroup section */

/* Begin PBXNativeTarget section */
		3F548EA93B9B41ABEE183DE3 /* FeralDemo */ = {
			isa = PBXNativeTarget;
			buildConfigurationList = B809E0EC01755F78608604CD /* Build configuration list for PBXNativeTarget "FeralDemo" */;
			buildPhases = (
				9AF899C2A31DE2D60D563498 /* Sources */,
				79CCB9DE8A035DD75C8A6B97 /* Resources */,
			);
			buildRules = (
			);
			dependencies = (
			);
			name = FeralDemo;
			packageProductDependencies = (
			);
			productName = FeralDemo;
			productReference = AA27AF1A9DB2A7B673C5775B /* FeralDemo.app */;
			productType = "com.apple.product-type.application";
		};
/* End PBXNativeTarget section */

/* Begin PBXProject section */
		90AD9F7C509DB3D54BF17FDF /* Project object */ = {
			isa = PBXProject;
			attributes = {
				BuildIndependentTargetsInParallel = YES;
				LastUpgradeCheck = 1430;
				TargetAttributes = {
					3F548EA93B9B41ABEE183DE3 = {
						DevelopmentTeam = V5B6TWY55Y;
						ProvisioningStyle = Automatic;
					};
				};
			};
			buildConfigurationList = 3BF87C7EFD1B587BA63CAB3F /* Build configuration list for PBXProject "FeralDemo" */;
			developmentRegion = en;
			hasScannedForEncodings = 0;
			knownRegions = (
				Base,
				en,
			);
			mainGroup = 2A4705F70C0A411881429BD9;
			minimizedProjectReferenceProxies = 1;
			preferredProjectObjectVersion = 77;
			productRefGroup = 4885FA26521FC098119F112E /* Products */;
			projectDirPath = "";
			projectRoot = "";
			targets = (
				3F548EA93B9B41ABEE183DE3 /* FeralDemo */,
			);
		};
/* End PBXProject section */

/* Begin PBXResourcesBuildPhase section */
		79CCB9DE8A035DD75C8A6B97 /* Resources */ = {
			isa = PBXResourcesBuildPhase;
			buildActionMask = 2147483647;
			files = (
				0F4BFA792E23880016FD9E6E /* Assets.xcassets in Resources */,
			);
			runOnlyForDeploymentPostprocessing = 0;
		};
/* End PBXResourcesBuildPhase section */

/* Begin PBXSourcesBuildPhase section */
		9AF899C2A31DE2D60D563498 /* Sources */ = {
			isa = PBXSourcesBuildPhase;
			buildActionMask = 2147483647;
			files = (
				38EF6BCA5C08DE52EA10B674 /* App.swift in Sources */,
				1593F91428FC600E846D00D7 /* CameraPreviewView.swift in Sources */,
				D174EE61E5C8E219E7770926 /* CameraSession.swift in Sources */,
				D5B068F63C7D8C89CF73FFFE /* DeviceInfo.swift in Sources */,
				F4E0CA01E6F6C41C5A20E2B0 /* FeralModel.mlpackage in Sources */,
				AB21F1DA45857162B01235F2 /* FrameBarView.swift in Sources */,
				9F997CA602769AC3E407F02B /* FrameBuffer.swift in Sources */,
				BD364C3200FE261BA4281C90 /* Inference.swift in Sources */,
				8DB4BBDCDC91E42C5E5AFE50 /* LiveRecordingScreen.swift in Sources */,
				3354AE3EF401D4CF6AE78F4D /* Preprocess.swift in Sources */,
				9D6473C062EE36C97114CC2F /* RecordScreen.swift in Sources */,
				CC355C8F7160E9032F10BE4E /* Session.swift in Sources */,
				CEC242D32FE2AFF440C248DF /* SessionExport.swift in Sources */,
				848E1D58EAD7F9BF35939255 /* SessionPDF.swift in Sources */,
				8420C18734473B3D4D08C3BC /* SessionStore.swift in Sources */,
				4590B64C1425ACECBEA34DA4 /* SessionsScreen.swift in Sources */,
				F94D89DC5D61D85DD6348AFC /* VideoStore.swift in Sources */,
			);
			runOnlyForDeploymentPostprocessing = 0;
		};
/* End PBXSourcesBuildPhase section */

/* Begin XCBuildConfiguration section */
		044CFF27A82751E2C99BD18B /* Release */ = {
			isa = XCBuildConfiguration;
			buildSettings = {
				ASSETCATALOG_COMPILER_APPICON_NAME = AppIcon;
				CODE_SIGN_IDENTITY = "iPhone Developer";
				ENABLE_PREVIEWS = YES;
				GENERATE_INFOPLIST_FILE = NO;
				INFOPLIST_FILE = FeralDemo/Info.plist;
				IPHONEOS_DEPLOYMENT_TARGET = 17.0;
				LD_RUNPATH_SEARCH_PATHS = (
					"$(inherited)",
					"@executable_path/Frameworks",
				);
				PRODUCT_BUNDLE_IDENTIFIER = com.razza.feraldemov2ojnvdfijvn;
				PRODUCT_NAME = FeralDemo;
				SDKROOT = iphoneos;
				SUPPORTS_MACCATALYST = NO;
				SWIFT_VERSION = 5.9;
				TARGETED_DEVICE_FAMILY = 1;
			};
			name = Release;
		};
		18AFE238704348841A0A7648 /* Debug */ = {
			isa = XCBuildConfiguration;
			buildSettings = {
				ALWAYS_SEARCH_USER_PATHS = NO;
				CLANG_ANALYZER_NONNULL = YES;
				CLANG_ANALYZER_NUMBER_OBJECT_CONVERSION = YES_AGGRESSIVE;
				CLANG_CXX_LANGUAGE_STANDARD = "gnu++14";
				CLANG_CXX_LIBRARY = "libc++";
				CLANG_ENABLE_MODULES = YES;
				CLANG_ENABLE_OBJC_ARC = YES;
				CLANG_ENABLE_OBJC_WEAK = YES;
				CLANG_WARN_BLOCK_CAPTURE_AUTORELEASING = YES;
				CLANG_WARN_BOOL_CONVERSION = YES;
				CLANG_WARN_COMMA = YES;
				CLANG_WARN_CONSTANT_CONVERSION = YES;
				CLANG_WARN_DEPRECATED_OBJC_IMPLEMENTATIONS = YES;
				CLANG_WARN_DIRECT_OBJC_ISA_USAGE = YES_ERROR;
				CLANG_WARN_DOCUMENTATION_COMMENTS = YES;
				CLANG_WARN_EMPTY_BODY = YES;
				CLANG_WARN_ENUM_CONVERSION = YES;
				CLANG_WARN_INFINITE_RECURSION = YES;
				CLANG_WARN_INT_CONVERSION = YES;
				CLANG_WARN_NON_LITERAL_NULL_CONVERSION = YES;
				CLANG_WARN_OBJC_IMPLICIT_RETAIN_SELF = YES;
				CLANG_WARN_OBJC_LITERAL_CONVERSION = YES;
				CLANG_WARN_OBJC_ROOT_CLASS = YES_ERROR;
				CLANG_WARN_QUOTED_INCLUDE_IN_FRAMEWORK_HEADER = YES;
				CLANG_WARN_RANGE_LOOP_ANALYSIS = YES;
				CLANG_WARN_STRICT_PROTOTYPES = YES;
				CLANG_WARN_SUSPICIOUS_MOVE = YES;
				CLANG_WARN_UNGUARDED_AVAILABILITY = YES_AGGRESSIVE;
				CLANG_WARN_UNREACHABLE_CODE = YES;
				CLANG_WARN__DUPLICATE_METHOD_MATCH = YES;
				CODE_SIGN_STYLE = Automatic;
				COPY_PHASE_STRIP = NO;
				DEBUG_INFORMATION_FORMAT = dwarf;
				DEVELOPMENT_TEAM = V5B6TWY55Y;
				ENABLE_STRICT_OBJC_MSGSEND = YES;
				ENABLE_TESTABILITY = YES;
				GCC_C_LANGUAGE_STANDARD = gnu11;
				GCC_DYNAMIC_NO_PIC = NO;
				GCC_NO_COMMON_BLOCKS = YES;
				GCC_OPTIMIZATION_LEVEL = 0;
				GCC_PREPROCESSOR_DEFINITIONS = (
					"$(inherited)",
					"DEBUG=1",
				);
				GCC_WARN_64_TO_32_BIT_CONVERSION = YES;
				GCC_WARN_ABOUT_RETURN_TYPE = YES_ERROR;
				GCC_WARN_UNDECLARED_SELECTOR = YES;
				GCC_WARN_UNINITIALIZED_AUTOS = YES_AGGRESSIVE;
				GCC_WARN_UNUSED_FUNCTION = YES;
				GCC_WARN_UNUSED_VARIABLE = YES;
				IPHONEOS_DEPLOYMENT_TARGET = 17.0;
				MTL_ENABLE_DEBUG_INFO = INCLUDE_SOURCE;
				MTL_FAST_MATH = YES;
				ONLY_ACTIVE_ARCH = YES;
				PRODUCT_NAME = "$(TARGET_NAME)";
				SDKROOT = iphoneos;
				SWIFT_ACTIVE_COMPILATION_CONDITIONS = DEBUG;
				SWIFT_OPTIMIZATION_LEVEL = "-Onone";
				SWIFT_VERSION = 5.9;
			};
			name = Debug;
		};
		6D18BE8E7A575018F7E9F337 /* Debug */ = {
			isa = XCBuildConfiguration;
			buildSettings = {
				ASSETCATALOG_COMPILER_APPICON_NAME = AppIcon;
				CODE_SIGN_IDENTITY = "iPhone Developer";
				ENABLE_PREVIEWS = YES;
				GENERATE_INFOPLIST_FILE = NO;
				INFOPLIST_FILE = FeralDemo/Info.plist;
				IPHONEOS_DEPLOYMENT_TARGET = 17.0;
				LD_RUNPATH_SEARCH_PATHS = (
					"$(inherited)",
					"@executable_path/Frameworks",
				);
				PRODUCT_BUNDLE_IDENTIFIER = com.razza.feraldemov2ojnvdfijvn;
				PRODUCT_NAME = FeralDemo;
				SDKROOT = iphoneos;
				SUPPORTS_MACCATALYST = NO;
				SWIFT_VERSION = 5.9;
				TARGETED_DEVICE_FAMILY = 1;
			};
			name = Debug;
		};
		AD7F607618D35A5F1C2898E9 /* Release */ = {
			isa = XCBuildConfiguration;
			buildSettings = {
				ALWAYS_SEARCH_USER_PATHS = NO;
				CLANG_ANALYZER_NONNULL = YES;
				CLANG_ANALYZER_NUMBER_OBJECT_CONVERSION = YES_AGGRESSIVE;
				CLANG_CXX_LANGUAGE_STANDARD = "gnu++14";
				CLANG_CXX_LIBRARY = "libc++";
				CLANG_ENABLE_MODULES = YES;
				CLANG_ENABLE_OBJC_ARC = YES;
				CLANG_ENABLE_OBJC_WEAK = YES;
				CLANG_WARN_BLOCK_CAPTURE_AUTORELEASING = YES;
				CLANG_WARN_BOOL_CONVERSION = YES;
				CLANG_WARN_COMMA = YES;
				CLANG_WARN_CONSTANT_CONVERSION = YES;
				CLANG_WARN_DEPRECATED_OBJC_IMPLEMENTATIONS = YES;
				CLANG_WARN_DIRECT_OBJC_ISA_USAGE = YES_ERROR;
				CLANG_WARN_DOCUMENTATION_COMMENTS = YES;
				CLANG_WARN_EMPTY_BODY = YES;
				CLANG_WARN_ENUM_CONVERSION = YES;
				CLANG_WARN_INFINITE_RECURSION = YES;
				CLANG_WARN_INT_CONVERSION = YES;
				CLANG_WARN_NON_LITERAL_NULL_CONVERSION = YES;
				CLANG_WARN_OBJC_IMPLICIT_RETAIN_SELF = YES;
				CLANG_WARN_OBJC_LITERAL_CONVERSION = YES;
				CLANG_WARN_OBJC_ROOT_CLASS = YES_ERROR;
				CLANG_WARN_QUOTED_INCLUDE_IN_FRAMEWORK_HEADER = YES;
				CLANG_WARN_RANGE_LOOP_ANALYSIS = YES;
				CLANG_WARN_STRICT_PROTOTYPES = YES;
				CLANG_WARN_SUSPICIOUS_MOVE = YES;
				CLANG_WARN_UNGUARDED_AVAILABILITY = YES_AGGRESSIVE;
				CLANG_WARN_UNREACHABLE_CODE = YES;
				CLANG_WARN__DUPLICATE_METHOD_MATCH = YES;
				CODE_SIGN_STYLE = Automatic;
				COPY_PHASE_STRIP = NO;
				DEBUG_INFORMATION_FORMAT = "dwarf-with-dsym";
				DEVELOPMENT_TEAM = V5B6TWY55Y;
				ENABLE_NS_ASSERTIONS = NO;
				ENABLE_STRICT_OBJC_MSGSEND = YES;
				GCC_C_LANGUAGE_STANDARD = gnu11;
				GCC_NO_COMMON_BLOCKS = YES;
				GCC_WARN_64_TO_32_BIT_CONVERSION = YES;
				GCC_WARN_ABOUT_RETURN_TYPE = YES_ERROR;
				GCC_WARN_UNDECLARED_SELECTOR = YES;
				GCC_WARN_UNINITIALIZED_AUTOS = YES_AGGRESSIVE;
				GCC_WARN_UNUSED_FUNCTION = YES;
				GCC_WARN_UNUSED_VARIABLE = YES;
				IPHONEOS_DEPLOYMENT_TARGET = 17.0;
				MTL_ENABLE_DEBUG_INFO = NO;
				MTL_FAST_MATH = YES;
				PRODUCT_NAME = "$(TARGET_NAME)";
				SDKROOT = iphoneos;
				SWIFT_COMPILATION_MODE = wholemodule;
				SWIFT_OPTIMIZATION_LEVEL = "-O";
				SWIFT_VERSION = 5.9;
			};
			name = Release;
		};
/* End XCBuildConfiguration section */

/* Begin XCConfigurationList section */
		3BF87C7EFD1B587BA63CAB3F /* Build configuration list for PBXProject "FeralDemo" */ = {
			isa = XCConfigurationList;
			buildConfigurations = (
				18AFE238704348841A0A7648 /* Debug */,
				AD7F607618D35A5F1C2898E9 /* Release */,
			);
			defaultConfigurationIsVisible = 0;
			defaultConfigurationName = Debug;
		};
		B809E0EC01755F78608604CD /* Build configuration list for PBXNativeTarget "FeralDemo" */ = {
			isa = XCConfigurationList;
			buildConfigurations = (
				6D18BE8E7A575018F7E9F337 /* Debug */,
				044CFF27A82751E2C99BD18B /* Release */,
			);
			defaultConfigurationIsVisible = 0;
			defaultConfigurationName = Debug;
		};
/* End XCConfigurationList section */
	};
	rootObject = 90AD9F7C509DB3D54BF17FDF /* Project object */;
}
